
Microsoft Visual Studio Solution File, Format Version 12.00
# Visual Studio Version 17
VisualStudioVersion = 17.11.35208.52
MinimumVisualStudioVersion = 10.0.40219.1
Project("{FAE04EC0-301F-11D3-BF4B-00C04F79EFBC}") = "PC_STAT_TRACKER", "PC_STAT_TRACKER\PC_STAT_TRACKER.csproj", "{7678F98D-3F90-40CC-8A90-0EB80462954A}"
EndProject
Global
	GlobalSection(SolutionConfigurationPlatforms) = preSolution
		Debug|Any CPU = Debug|Any CPU
		Release|Any CPU = Release|Any CPU
	EndGlobalSection
	GlobalSection(ProjectConfigurationPlatforms) = postSolution
		{7678F98D-3F90-40CC-8A90-0EB80462954A}.Debug|Any CPU.ActiveCfg = Debug|Any CPU
		{7678F98D-3F90-40CC-8A90-0EB80462954A}.Debug|Any CPU.Build.0 = Debug|Any CPU
		{7678F98D-3F90-40CC-8A90-0EB80462954A}.Release|Any CPU.ActiveCfg = Release|Any CPU
		{7678F98D-3F90-40CC-8A90-0EB80462954A}.Release|Any CPU.Build.0 = Release|Any CPU
	EndGlobalSection
	GlobalSection(SolutionProperties) = preSolution
		HideSolutionNode = FALSE
	EndGlobalSection
	GlobalSection(ExtensibilityGlobals) = postSolution
		SolutionGuid = {B5DDFC4A-02B6-431F-9DEB-CB79653CEA87}
	EndGlobalSection
EndGlobal
